
Microsoft Visual Studio Solution File, Format Version 12.00
# Visual Studio Version 16
VisualStudioVersion = 16.0.29001.49
MinimumVisualStudioVersion = 10.0.40219.1
Project("{9A19103F-16F7-4668-BE54-9A1E7A4F7556}") = "Ethereum Betting", "Ethereum Betting\Ethereum Betting.csproj", "{FFC04E2B-ECC1-4BD5-AAB6-709B2A5D744C}"
EndProject
Project("{9A19103F-16F7-4668-BE54-9A1E7A4F7556}") = "Unit Testing Ethereum Betting", "Unit Testing Ethereum Betting\Unit Testing Ethereum Betting.csproj", "{0CABB21C-5610-4D1C-8D0B-52D3138975B0}"
EndProject
Project("{9A19103F-16F7-4668-BE54-9A1E7A4F7556}") = "InteractorLayer", "InteractorLayer\InteractorLayer.csproj", "{1DE40FED-070D-4DF2-A724-DA82002F6A07}"
EndProject
Project("{9A19103F-16F7-4668-BE54-9A1E7A4F7556}") = "DomainLayer", "DomainLayer\DomainLayer.csproj", "{40F76363-EC6B-4B90-8F21-2E0966BF0222}"
EndProject
Project("{9A19103F-16F7-4668-BE54-9A1E7A4F7556}") = "DataAccesLayer", "DataAccesLayer\DataAccesLayer.csproj", "{E6765BEC-C840-48D6-8449-7847455E971B}"
EndProject
Global
	GlobalSection(SolutionConfigurationPlatforms) = preSolution
		Debug|Any CPU = Debug|Any CPU
		Release|Any CPU = Release|Any CPU
	EndGlobalSection
	GlobalSection(ProjectConfigurationPlatforms) = postSolution
		{FFC04E2B-ECC1-4BD5-AAB6-709B2A5D744C}.Debug|Any CPU.ActiveCfg = Debug|Any CPU
		{FFC04E2B-ECC1-4BD5-AAB6-709B2A5D744C}.Debug|Any CPU.Build.0 = Debug|Any CPU
		{FFC04E2B-ECC1-4BD5-AAB6-709B2A5D744C}.Release|Any CPU.ActiveCfg = Release|Any CPU
		{FFC04E2B-ECC1-4BD5-AAB6-709B2A5D744C}.Release|Any CPU.Build.0 = Release|Any CPU
		{0CABB21C-5610-4D1C-8D0B-52D3138975B0}.Debug|Any CPU.ActiveCfg = Debug|Any CPU
		{0CABB21C-5610-4D1C-8D0B-52D3138975B0}.Debug|Any CPU.Build.0 = Debug|Any CPU
		{0CABB21C-5610-4D1C-8D0B-52D3138975B0}.Release|Any CPU.ActiveCfg = Release|Any CPU
		{0CABB21C-5610-4D1C-8D0B-52D3138975B0}.Release|Any CPU.Build.0 = Release|Any CPU
		{1DE40FED-070D-4DF2-A724-DA82002F6A07}.Debug|Any CPU.ActiveCfg = Debug|Any CPU
		{1DE40FED-070D-4DF2-A724-DA82002F6A07}.Debug|Any CPU.Build.0 = Debug|Any CPU
		{1DE40FED-070D-4DF2-A724-DA82002F6A07}.Release|Any CPU.ActiveCfg = Release|Any CPU
		{1DE40FED-070D-4DF2-A724-DA82002F6A07}.Release|Any CPU.Build.0 = Release|Any CPU
		{40F76363-EC6B-4B90-8F21-2E0966BF0222}.Debug|Any CPU.ActiveCfg = Debug|Any CPU
		{40F76363-EC6B-4B90-8F21-2E0966BF0222}.Debug|Any CPU.Build.0 = Debug|Any CPU
		{40F76363-EC6B-4B90-8F21-2E0966BF0222}.Release|Any CPU.ActiveCfg = Release|Any CPU
		{40F76363-EC6B-4B90-8F21-2E0966BF0222}.Release|Any CPU.Build.0 = Release|Any CPU
		{E6765BEC-C840-48D6-8449-7847455E971B}.Debug|Any CPU.ActiveCfg = Debug|Any CPU
		{E6765BEC-C840-48D6-8449-7847455E971B}.Debug|Any CPU.Build.0 = Debug|Any CPU
		{E6765BEC-C840-48D6-8449-7847455E971B}.Release|Any CPU.ActiveCfg = Release|Any CPU
		{E6765BEC-C840-48D6-8449-7847455E971B}.Release|Any CPU.Build.0 = Release|Any CPU
	EndGlobalSection
	GlobalSection(SolutionProperties) = preSolution
		HideSolutionNode = FALSE
	EndGlobalSection
	GlobalSection(ExtensibilityGlobals) = postSolution
		SolutionGuid = {8A24A513-758D-4A6A-97DE-97D9923C8CA4}
	EndGlobalSection
EndGlobal
